// !$*UTF8*$!
{
	archiveVersion = 1;
	classes = {
	};
	objectVersion = 56;
	objects = {

/* Begin PBXBuildFile section */
		88DB3CD52A6E2C34001CB6F1 /* AppDelegate.swift in Sources */ = {isa = PBXBuildFile; fileRef = 88DB3CD42A6E2C34001CB6F1 /* AppDelegate.swift */; };
		88DB3CD72A6E2C34001CB6F1 /* SceneDelegate.swift in Sources */ = {isa = PBXBuildFile; fileRef = 88DB3CD62A6E2C34001CB6F1 /* SceneDelegate.swift */; };
		88DB3CD92A6E2C34001CB6F1 /* ViewController.swift in Sources */ = {isa = PBXBuildFile; fileRef = 88DB3CD82A6E2C34001CB6F1 /* ViewController.swift */; };
		88DB3CDC2A6E2C34001CB6F1 /* Main.storyboard in Resources */ = {isa = PBXBuildFile; fileRef = 88DB3CDA2A6E2C34001CB6F1 /* Main.storyboard */; };
		88DB3CDE2A6E2C37001CB6F1 /* Assets.xcassets in Resources */ = {isa = PBXBuildFile; fileRef = 88DB3CDD2A6E2C37001CB6F1 /* Assets.xcassets */; };
		88DB3CE12A6E2C37001CB6F1 /* LaunchScreen.storyboard in Resources */ = {isa = PBXBuildFile; fileRef = 88DB3CDF2A6E2C37001CB6F1 /* LaunchScreen.storyboard */; };
		88DB3CEB2A6E95BE001CB6F1 /* ListTableView.swift in Sources */ = {isa = PBXBuildFile; fileRef = 88DB3CEA2A6E95BE001CB6F1 /* ListTableView.swift */; };
		88DB3CF42A6E9654001CB6F1 /* ListViewController.swift in Sources */ = {isa = PBXBuildFile; fileRef = 88DB3CF22A6E9654001CB6F1 /* ListViewController.swift */; };
		88DDB09B2A7035F7003753F1 /* AdvertisingViewController.swift in Sources */ = {isa = PBXBuildFile; fileRef = 88DDB09A2A7035F7003753F1 /* AdvertisingViewController.swift */; };
/* End PBXBuildFile section */

/* Begin PBXFileReference section */
		88DB3CD12A6E2C34001CB6F1 /* Swift-advertisingPacket.app */ = {isa = PBXFileReference; explicitFileType = wrapper.application; includeInIndex = 0; path = "Swift-advertisingPacket.app"; sourceTree = BUILT_PRODUCTS_DIR; };
		88DB3CD42A6E2C34001CB6F1 /* AppDelegate.swift */ = {isa = PBXFileReference; lastKnownFileType = sourcecode.swift; path = AppDelegate.swift; sourceTree = "<group>"; };
		88DB3CD62A6E2C34001CB6F1 /* SceneDelegate.swift */ = {isa = PBXFileReference; lastKnownFileType = sourcecode.swift; path = SceneDelegate.swift; sourceTree = "<group>"; };
		88DB3CD82A6E2C34001CB6F1 /* ViewController.swift */ = {isa = PBXFileReference; lastKnownFileType = sourcecode.swift; path = ViewController.swift; sourceTree = "<group>"; };
		88DB3CDB2A6E2C34001CB6F1 /* Base */ = {isa = PBXFileReference; lastKnownFileType = file.storyboard; name = Base; path = Base.lproj/Main.storyboard; sourceTree = "<group>"; };
		88DB3CDD2A6E2C37001CB6F1 /* Assets.xcassets */ = {isa = PBXFileReference; lastKnownFileType = folder.assetcatalog; path = Assets.xcassets; sourceTree = "<group>"; };
		88DB3CE02A6E2C37001CB6F1 /* Base */ = {isa = PBXFileReference; lastKnownFileType = file.storyboard; name = Base; path = Base.lproj/LaunchScreen.storyboard; sourceTree = "<group>"; };
		88DB3CE22A6E2C37001CB6F1 /* Info.plist */ = {isa = PBXFileReference; lastKnownFileType = text.plist.xml; path = Info.plist; sourceTree = "<group>"; };
		88DB3CEA2A6E95BE001CB6F1 /* ListTableView.swift */ = {isa = PBXFileReference; lastKnownFileType = sourcecode.swift; path = ListTableView.swift; sourceTree = "<group>"; };
		88DB3CF22A6E9654001CB6F1 /* ListViewController.swift */ = {isa = PBXFileReference; lastKnownFileType = sourcecode.swift; path = ListViewController.swift; sourceTree = "<group>"; };
		88DDB09A2A7035F7003753F1 /* AdvertisingViewController.swift */ = {isa = PBXFileReference; lastKnownFileType = sourcecode.swift; path = AdvertisingViewController.swift; sourceTree = "<group>"; };
/* End PBXFileReference section */

/* Begin PBXFrameworksBuildPhase section */
		88DB3CCE2A6E2C34001CB6F1 /* Frameworks */ = {
			isa = PBXFrameworksBuildPhase;
			buildActionMask = 2147483647;
			files = (
			);
			runOnlyForDeploymentPostprocessing = 0;
		};
/* End PBXFrameworksBuildPhase section */

/* Begin PBXGroup section */
		88DB3CC82A6E2C34001CB6F1 = {
			isa = PBXGroup;
			children = (
				88DB3CD32A6E2C34001CB6F1 /* Swift-advertisingPacket */,
				88DB3CD22A6E2C34001CB6F1 /* Products */,
			);
			sourceTree = "<group>";
		};
		88DB3CD22A6E2C34001CB6F1 /* Products */ = {
			isa = PBXGroup;
			children = (
				88DB3CD12A6E2C34001CB6F1 /* Swift-advertisingPacket.app */,
			);
			name = Products;
			sourceTree = "<group>";
		};
		88DB3CD32A6E2C34001CB6F1 /* Swift-advertisingPacket */ = {
			isa = PBXGroup;
			children = (
				88DB3CD42A6E2C34001CB6F1 /* AppDelegate.swift */,
				88DB3CD62A6E2C34001CB6F1 /* SceneDelegate.swift */,
				88DB3CD82A6E2C34001CB6F1 /* ViewController.swift */,
				88DB3CEA2A6E95BE001CB6F1 /* ListTableView.swift */,
				88DB3CF22A6E9654001CB6F1 /* ListViewController.swift */,
				88DDB09A2A7035F7003753F1 /* AdvertisingViewController.swift */,
				88DB3CDA2A6E2C34001CB6F1 /* Main.storyboard */,
				88DB3CDD2A6E2C37001CB6F1 /* Assets.xcassets */,
				88DB3CDF2A6E2C37001CB6F1 /* LaunchScreen.storyboard */,
				88DB3CE22A6E2C37001CB6F1 /* Info.plist */,
			);
			path = "Swift-advertisingPacket";
			sourceTree = "<group>";
		};
/* End PBXGroup section */

/* Begin PBXNativeTarget section */
		88DB3CD02A6E2C34001CB6F1 /* Swift-advertisingPacket */ = {
			isa = PBXNativeTarget;
			buildConfigurationList = 88DB3CE52A6E2C37001CB6F1 /* Build configuration list for PBXNativeTarget "Swift-advertisingPacket" */;
			buildPhases = (
				88DB3CCD2A6E2C34001CB6F1 /* Sources */,
				88DB3CCE2A6E2C34001CB6F1 /* Frameworks */,
				88DB3CCF2A6E2C34001CB6F1 /* Resources */,
			);
			buildRules = (
			);
			dependencies = (
			);
			name = "Swift-advertisingPacket";
			productName = "Swift-advertisingPacket";
			productReference = 88DB3CD12A6E2C34001CB6F1 /* Swift-advertisingPacket.app */;
			productType = "com.apple.product-type.application";
		};
/* End PBXNativeTarget section */

/* Begin PBXProject section */
		88DB3CC92A6E2C34001CB6F1 /* Project object */ = {
			isa = PBXProject;
			attributes = {
				BuildIndependentTargetsInParallel = 1;
				LastSwiftUpdateCheck = 1430;
				LastUpgradeCheck = 1430;
				TargetAttributes = {
					88DB3CD02A6E2C34001CB6F1 = {
						CreatedOnToolsVersion = 14.3.1;
					};
				};
			};
			buildConfigurationList = 88DB3CCC2A6E2C34001CB6F1 /* Build configuration list for PBXProject "Swift-advertisingPacket" */;
			compatibilityVersion = "Xcode 14.0";
			developmentRegion = en;
			hasScannedForEncodings = 0;
			knownRegions = (
				en,
				Base,
			);
			mainGroup = 88DB3CC82A6E2C34001CB6F1;
			productRefGroup = 88DB3CD22A6E2C34001CB6F1 /* Products */;
			projectDirPath = "";
			projectRoot = "";
			targets = (
				88DB3CD02A6E2C34001CB6F1 /* Swift-advertisingPacket */,
			);
		};
/* End PBXProject section */

/* Begin PBXResourcesBuildPhase section */
		88DB3CCF2A6E2C34001CB6F1 /* Resources */ = {
			isa = PBXResourcesBuildPhase;
			buildActionMask = 2147483647;
			files = (
				88DB3CE12A6E2C37001CB6F1 /* LaunchScreen.storyboard in Resources */,
				88DB3CDE2A6E2C37001CB6F1 /* Assets.xcassets in Resources */,
				88DB3CDC2A6E2C34001CB6F1 /* Main.storyboard in Resources */,
			);
			runOnlyForDeploymentPostprocessing = 0;
		};
/* End PBXResourcesBuildPhase section */

/* Begin PBXSourcesBuildPhase section */
		88DB3CCD2A6E2C34001CB6F1 /* Sources */ = {
			isa = PBXSourcesBuildPhase;
			buildActionMask = 2147483647;
			files = (
				88DB3CD92A6E2C34001CB6F1 /* ViewController.swift in Sources */,
				88DDB09B2A7035F7003753F1 /* AdvertisingViewController.swift in Sources */,
				88DB3CEB2A6E95BE001CB6F1 /* ListTableView.swift in Sources */,
				88DB3CD52A6E2C34001CB6F1 /* AppDelegate.swift in Sources */,
				88DB3CF42A6E9654001CB6F1 /* ListViewController.swift in Sources */,
				88DB3CD72A6E2C34001CB6F1 /* SceneDelegate.swift in Sources */,
			);
			runOnlyForDeploymentPostprocessing = 0;
		};
/* End PBXSourcesBuildPhase section */

/* Begin PBXVariantGroup section */
		88DB3CDA2A6E2C34001CB6F1 /* Main.storyboard */ = {
			isa = PBXVariantGroup;
			children = (
				88DB3CDB2A6E2C34001CB6F1 /* Base */,
			);
			name = Main.storyboard;
			sourceTree = "<group>";
		};
		88DB3CDF2A6E2C37001CB6F1 /* LaunchScreen.storyboard */ = {
			isa = PBXVariantGroup;
			children = (
				88DB3CE02A6E2C37001CB6F1 /* Base */,
			);
			name = LaunchScreen.storyboard;
			sourceTree = "<group>";
		};
/* End PBXVariantGroup section */

/* Begin XCBuildConfiguration section */
		88DB3CE32A6E2C37001CB6F1 /* Debug */ = {
			isa = XCBuildConfiguration;
			buildSettings = {
				ALWAYS_SEARCH_USER_PATHS = NO;
				CLANG_ANALYZER_NONNULL = YES;
				CLANG_ANALYZER_NUMBER_OBJECT_CONVERSION = YES_AGGRESSIVE;
				CLANG_CXX_LANGUAGE_STANDARD = "gnu++20";
				CLANG_ENABLE_MODULES = YES;
				CLANG_ENABLE_OBJC_ARC = YES;
				CLANG_ENABLE_OBJC_WEAK = YES;
				CLANG_WARN_BLOCK_CAPTURE_AUTORELEASING = YES;
				CLANG_WARN_BOOL_CONVERSION = YES;
				CLANG_WARN_COMMA = YES;
				CLANG_WARN_CONSTANT_CONVERSION = YES;
				CLANG_WARN_DEPRECATED_OBJC_IMPLEMENTATIONS = YES;
				CLANG_WARN_DIRECT_OBJC_ISA_USAGE = YES_ERROR;
				CLANG_WARN_DOCUMENTATION_COMMENTS = YES;
				CLANG_WARN_EMPTY_BODY = YES;
				CLANG_WARN_ENUM_CONVERSION = YES;
				CLANG_WARN_INFINITE_RECURSION = YES;
				CLANG_WARN_INT_CONVERSION = YES;
				CLANG_WARN_NON_LITERAL_NULL_CONVERSION = YES;
				CLANG_WARN_OBJC_IMPLICIT_RETAIN_SELF = YES;
				CLANG_WARN_OBJC_LITERAL_CONVERSION = YES;
				CLANG_WARN_OBJC_ROOT_CLASS = YES_ERROR;
				CLANG_WARN_QUOTED_INCLUDE_IN_FRAMEWORK_HEADER = YES;
				CLANG_WARN_RANGE_LOOP_ANALYSIS = YES;
				CLANG_WARN_STRICT_PROTOTYPES = YES;
				CLANG_WARN_SUSPICIOUS_MOVE = YES;
				CLANG_WARN_UNGUARDED_AVAILABILITY = YES_AGGRESSIVE;
				CLANG_WARN_UNREACHABLE_CODE = YES;
				CLANG_WARN__DUPLICATE_METHOD_MATCH = YES;
				COPY_PHASE_STRIP = NO;
				DEBUG_INFORMATION_FORMAT = dwarf;
				ENABLE_STRICT_OBJC_MSGSEND = YES;
				ENABLE_TESTABILITY = YES;
				GCC_C_LANGUAGE_STANDARD = gnu11;
				GCC_DYNAMIC_NO_PIC = NO;
				GCC_NO_COMMON_BLOCKS = YES;
				GCC_OPTIMIZATION_LEVEL = 0;
				GCC_PREPROCESSOR_DEFINITIONS = (
					"DEBUG=1",
					"$(inherited)",
				);
				GCC_WARN_64_TO_32_BIT_CONVERSION = YES;
				GCC_WARN_ABOUT_RETURN_TYPE = YES_ERROR;
				GCC_WARN_UNDECLARED_SELECTOR = YES;
				GCC_WARN_UNINITIALIZED_AUTOS = YES_AGGRESSIVE;
				GCC_WARN_UNUSED_FUNCTION = YES;
				GCC_WARN_UNUSED_VARIABLE = YES;
				IPHONEOS_DEPLOYMENT_TARGET = 16.4;
				MTL_ENABLE_DEBUG_INFO = INCLUDE_SOURCE;
				MTL_FAST_MATH = YES;
				ONLY_ACTIVE_ARCH = YES;
				SDKROOT = iphoneos;
				SWIFT_ACTIVE_COMPILATION_CONDITIONS = DEBUG;
				SWIFT_OPTIMIZATION_LEVEL = "-Onone";
			};
			name = Debug;
		};
		88DB3CE42A6E2C37001CB6F1 /* Release */ = {
			isa = XCBuildConfiguration;
			buildSettings = {
				ALWAYS_SEARCH_USER_PATHS = NO;
				CLANG_ANALYZER_NONNULL = YES;
				CLANG_ANALYZER_NUMBER_OBJECT_CONVERSION = YES_AGGRESSIVE;
				CLANG_CXX_LANGUAGE_STANDARD = "gnu++20";
				CLANG_ENABLE_MODULES = YES;
				CLANG_ENABLE_OBJC_ARC = YES;
				CLANG_ENABLE_OBJC_WEAK = YES;
				CLANG_WARN_BLOCK_CAPTURE_AUTORELEASING = YES;
				CLANG_WARN_BOOL_CONVERSION = YES;
				CLANG_WARN_COMMA = YES;
				CLANG_WARN_CONSTANT_CONVERSION = YES;
				CLANG_WARN_DEPRECATED_OBJC_IMPLEMENTATIONS = YES;
				CLANG_WARN_DIRECT_OBJC_ISA_USAGE = YES_ERROR;
				CLANG_WARN_DOCUMENTATION_COMMENTS = YES;
				CLANG_WARN_EMPTY_BODY = YES;
				CLANG_WARN_ENUM_CONVERSION = YES;
				CLANG_WARN_INFINITE_RECURSION = YES;
				CLANG_WARN_INT_CONVERSION = YES;
				CLANG_WARN_NON_LITERAL_NULL_CONVERSION = YES;
				CLANG_WARN_OBJC_IMPLICIT_RETAIN_SELF = YES;
				CLANG_WARN_OBJC_LITERAL_CONVERSION = YES;
				CLANG_WARN_OBJC_ROOT_CLASS = YES_ERROR;
				CLANG_WARN_QUOTED_INCLUDE_IN_FRAMEWORK_HEADER = YES;
				CLANG_WARN_RANGE_LOOP_ANALYSIS = YES;
				CLANG_WARN_STRICT_PROTOTYPES = YES;
				CLANG_WARN_SUSPICIOUS_MOVE = YES;
				CLANG_WARN_UNGUARDED_AVAILABILITY = YES_AGGRESSIVE;
				CLANG_WARN_UNREACHABLE_CODE = YES;
				CLANG_WARN__DUPLICATE_METHOD_MATCH = YES;
				COPY_PHASE_STRIP = NO;
				DEBUG_INFORMATION_FORMAT = "dwarf-with-dsym";
				ENABLE_NS_ASSERTIONS = NO;
				ENABLE_STRICT_OBJC_MSGSEND = YES;
				GCC_C_LANGUAGE_STANDARD = gnu11;
				GCC_NO_COMMON_BLOCKS = YES;
				GCC_WARN_64_TO_32_BIT_CONVERSION = YES;
				GCC_WARN_ABOUT_RETURN_TYPE = YES_ERROR;
				GCC_WARN_UNDECLARED_SELECTOR = YES;
				GCC_WARN_UNINITIALIZED_AUTOS = YES_AGGRESSIVE;
				GCC_WARN_UNUSED_FUNCTION = YES;
				GCC_WARN_UNUSED_VARIABLE = YES;
				IPHONEOS_DEPLOYMENT_TARGET = 16.4;
				MTL_ENABLE_DEBUG_INFO = NO;
				MTL_FAST_MATH = YES;
				SDKROOT = iphoneos;
				SWIFT_COMPILATION_MODE = wholemodule;
				SWIFT_OPTIMIZATION_LEVEL = "-O";
				VALIDATE_PRODUCT = YES;
			};
			name = Release;
		};
		88DB3CE62A6E2C37001CB6F1 /* Debug */ = {
			isa = XCBuildConfiguration;
			buildSettings = {
				ASSETCATALOG_COMPILER_APPICON_NAME = AppIcon;
				ASSETCATALOG_COMPILER_GLOBAL_ACCENT_COLOR_NAME = AccentColor;
				CODE_SIGN_STYLE = Automatic;
				CURRENT_PROJECT_VERSION = 1;
				DEVELOPMENT_TEAM = 2XMC344WDV;
				GENERATE_INFOPLIST_FILE = YES;
				INFOPLIST_FILE = "Swift-advertisingPacket/Info.plist";
				INFOPLIST_KEY_NSBluetoothAlwaysUsageDescription = "블루투스 사용 권한을 허용ㅎ";
				INFOPLIST_KEY_NSBluetoothPeripheralUsageDescription = "";
				INFOPLIST_KEY_UIApplicationSupportsIndirectInputEvents = YES;
				INFOPLIST_KEY_UILaunchStoryboardName = LaunchScreen;
				INFOPLIST_KEY_UIMainStoryboardFile = Main;
				INFOPLIST_KEY_UISupportedInterfaceOrientations_iPad = "UIInterfaceOrientationPortrait UIInterfaceOrientationPortraitUpsideDown UIInterfaceOrientationLandscapeLeft UIInterfaceOrientationLandscapeRight";
				INFOPLIST_KEY_UISupportedInterfaceOrientations_iPhone = "UIInterfaceOrientationPortrait UIInterfaceOrientationLandscapeLeft UIInterfaceOrientationLandscapeRight";
				LD_RUNPATH_SEARCH_PATHS = (
					"$(inherited)",
					"@executable_path/Frameworks",
				);
				MARKETING_VERSION = 1.0;
				PRODUCT_BUNDLE_IDENTIFIER = "com.pishon.swift-advertisingpacket.Swift-advertisingPacket";
				PRODUCT_NAME = "$(TARGET_NAME)";
				SWIFT_EMIT_LOC_STRINGS = YES;
				SWIFT_VERSION = 5.0;
				TARGETED_DEVICE_FAMILY = "1,2";
			};
			name = Debug;
		};
		88DB3CE72A6E2C37001CB6F1 /* Release */ = {
			isa = XCBuildConfiguration;
			buildSettings = {
				ASSETCATALOG_COMPILER_APPICON_NAME = AppIcon;
				ASSETCATALOG_COMPILER_GLOBAL_ACCENT_COLOR_NAME = AccentColor;
				CODE_SIGN_STYLE = Automatic;
				CURRENT_PROJECT_VERSION = 1;
				DEVELOPMENT_TEAM = 2XMC344WDV;
				GENERATE_INFOPLIST_FILE = YES;
				INFOPLIST_FILE = "Swift-advertisingPacket/Info.plist";
				INFOPLIST_KEY_NSBluetoothAlwaysUsageDescription = "블루투스 사용 권한을 허용ㅎ";
				INFOPLIST_KEY_NSBluetoothPeripheralUsageDescription = "";
				INFOPLIST_KEY_UIApplicationSupportsIndirectInputEvents = YES;
				INFOPLIST_KEY_UILaunchStoryboardName = LaunchScreen;
				INFOPLIST_KEY_UIMainStoryboardFile = Main;
				INFOPLIST_KEY_UISupportedInterfaceOrientations_iPad = "UIInterfaceOrientationPortrait UIInterfaceOrientationPortraitUpsideDown UIInterfaceOrientationLandscapeLeft UIInterfaceOrientationLandscapeRight";
				INFOPLIST_KEY_UISupportedInterfaceOrientations_iPhone = "UIInterfaceOrientationPortrait UIInterfaceOrientationLandscapeLeft UIInterfaceOrientationLandscapeRight";
				LD_RUNPATH_SEARCH_PATHS = (
					"$(inherited)",
					"@executable_path/Frameworks",
				);
				MARKETING_VERSION = 1.0;
				PRODUCT_BUNDLE_IDENTIFIER = "com.pishon.swift-advertisingpacket.Swift-advertisingPacket";
				PRODUCT_NAME = "$(TARGET_NAME)";
				SWIFT_EMIT_LOC_STRINGS = YES;
				SWIFT_VERSION = 5.0;
				TARGETED_DEVICE_FAMILY = "1,2";
			};
			name = Release;
		};
/* End XCBuildConfiguration section */

/* Begin XCConfigurationList section */
		88DB3CCC2A6E2C34001CB6F1 /* Build configuration list for PBXProject "Swift-advertisingPacket" */ = {
			isa = XCConfigurationList;
			buildConfigurations = (
				88DB3CE32A6E2C37001CB6F1 /* Debug */,
				88DB3CE42A6E2C37001CB6F1 /* Release */,
			);
			defaultConfigurationIsVisible = 0;
			defaultConfigurationName = Release;
		};
		88DB3CE52A6E2C37001CB6F1 /* Build configuration list for PBXNativeTarget "Swift-advertisingPacket" */ = {
			isa = XCConfigurationList;
			buildConfigurations = (
				88DB3CE62A6E2C37001CB6F1 /* Debug */,
				88DB3CE72A6E2C37001CB6F1 /* Release */,
			);
			defaultConfigurationIsVisible = 0;
			defaultConfigurationName = Release;
		};
/* End XCConfigurationList section */
	};
	rootObject = 88DB3CC92A6E2C34001CB6F1 /* Project object */;
}
